
Microsoft Visual Studio Solution File, Format Version 11.00
# Visual Studio 2010
Project("{FAE04EC0-301F-11D3-BF4B-00C04F79EFBC}") = "Assembly-CSharp", "Assembly-CSharp.csproj", "{5edf818d-443e-da8a-3382-5d33658100b6}"
EndProject
Project("{FAE04EC0-301F-11D3-BF4B-00C04F79EFBC}") = "Assembly-CSharp-Editor", "Assembly-CSharp-Editor.csproj", "{f32cba10-cd84-8606-0fb5-b3c86594d133}"
EndProject
Global
	GlobalSection(SolutionConfigurationPlatforms) = preSolution
		Debug|Any CPU = Debug|Any CPU
	EndGlobalSection
	GlobalSection(ProjectConfigurationPlatforms) = postSolution
		{5edf818d-443e-da8a-3382-5d33658100b6}.Debug|Any CPU.ActiveCfg = Debug|Any CPU
		{5edf818d-443e-da8a-3382-5d33658100b6}.Debug|Any CPU.Build.0 = Debug|Any CPU
		{f32cba10-cd84-8606-0fb5-b3c86594d133}.Debug|Any CPU.ActiveCfg = Debug|Any CPU
		{f32cba10-cd84-8606-0fb5-b3c86594d133}.Debug|Any CPU.Build.0 = Debug|Any CPU
	EndGlobalSection
	GlobalSection(SolutionProperties) = preSolution
		HideSolutionNode = FALSE
	EndGlobalSection
EndGlobal
